
Microsoft Visual Studio Solution File, Format Version 12.00
# Visual Studio Version 16
VisualStudioVersion = 16.0.28803.352
MinimumVisualStudioVersion = 10.0.40219.1
Project("{2150E333-8FDC-42A3-9474-1A3956D46DE8}") = "src", "src", "{D57EFCCF-EB0B-4760-9C1A-B187D5452696}"
EndProject
Project("{2150E333-8FDC-42A3-9474-1A3956D46DE8}") = "test", "test", "{F4143FA1-A205-4B17-BF83-92B87184D8DD}"
EndProject
Project("{9A19103F-16F7-4668-BE54-9A1E7A4F7556}") = "DP01Singleton", "DP01Singleton\DP01Singleton.csproj", "{7D9EA191-FE49-4D30-8F36-A92B612C53A7}"
EndProject
Project("{9A19103F-16F7-4668-BE54-9A1E7A4F7556}") = "XUnitTestDP", "XUnitTestDP\XUnitTestDP.csproj", "{137E84CA-02A5-4AE8-84B2-C04236E61F38}"
EndProject
Project("{2150E333-8FDC-42A3-9474-1A3956D46DE8}") = "uml", "uml", "{958E4CA8-FC29-490F-AE2C-E02914D051EF}"
	ProjectSection(SolutionItems) = preProject
		UML\DP02AbstractFactory.drawio = UML\DP02AbstractFactory.drawio
		UML\DP02FactoryMethod.drawio = UML\DP02FactoryMethod.drawio
		UML\DP03Builder.drawio = UML\DP03Builder.drawio
		UML\DP04Prototype.drawio = UML\DP04Prototype.drawio
		UML\DP05Adapter.drawio = UML\DP05Adapter.drawio
		UML\DP06Bridge.drawio = UML\DP06Bridge.drawio
		UML\DP07Component.drawio = UML\DP07Component.drawio
		UML\DP08Decorator.drawio = UML\DP08Decorator.drawio
		UML\DP10FlyWeight.drawio = UML\DP10FlyWeight.drawio
		UML\DP11Proxy.drawio = UML\DP11Proxy.drawio
		UML\DP12TemplateMethod.drawio = UML\DP12TemplateMethod.drawio
		UML\DP13Command.drawio = UML\DP13Command.drawio
		UML\DP15Interpreter.drawio = UML\DP15Interpreter.drawio
		UML\DP16Mediator.drawio = UML\DP16Mediator.drawio
		UML\DP17Iterator.drawio = UML\DP17Iterator.drawio
		UML\DP18ChainofResponsibility.drawio = UML\DP18ChainofResponsibility.drawio
		UML\DP19Observer.drawio = UML\DP19Observer.drawio
		UML\DP20Memento.drawio = UML\DP20Memento.drawio
		UML\DP21State.drawio = UML\DP21State.drawio
		UML\DP22Strategy.drawio = UML\DP22Strategy.drawio
	EndProjectSection
EndProject
Project("{9A19103F-16F7-4668-BE54-9A1E7A4F7556}") = "DP03Builder", "DP03Builder\DP03Builder.csproj", "{DBF60CAD-57DB-4045-A586-CC1182E652FB}"
EndProject
Project("{9A19103F-16F7-4668-BE54-9A1E7A4F7556}") = "DP02AbstractFactory", "DP02AbstractFactory\DP02AbstractFactory.csproj", "{04D1DE75-4708-4004-A2FB-D4F3B7A40E4C}"
EndProject
Project("{9A19103F-16F7-4668-BE54-9A1E7A4F7556}") = "DP04Prototype", "DP04Prototype\DP04Prototype.csproj", "{F1571C6E-9D79-428D-97B6-5F096FFFD463}"
EndProject
Project("{9A19103F-16F7-4668-BE54-9A1E7A4F7556}") = "DP05Adapter", "DP05Adapter\DP05Adapter.csproj", "{CB966D5F-2EC0-4A34-A3CF-6B863F403592}"
EndProject
Project("{9A19103F-16F7-4668-BE54-9A1E7A4F7556}") = "DP06Bridge", "DP06Bridge\DP06Bridge.csproj", "{5F0F4E90-843E-4DB7-9C34-9CA58FCCE047}"
EndProject
Project("{9A19103F-16F7-4668-BE54-9A1E7A4F7556}") = "DP07Component", "DP07Component\DP07Component.csproj", "{FA0C726E-B80A-46EF-89D7-53DF8EE579E4}"
EndProject
Project("{9A19103F-16F7-4668-BE54-9A1E7A4F7556}") = "DP08Decorator", "DP08Decorator\DP08Decorator.csproj", "{4A6DE2D9-2273-4919-AB57-7AD32DC58AEC}"
EndProject
Project("{9A19103F-16F7-4668-BE54-9A1E7A4F7556}") = "DP11Proxy", "DP11Proxy\DP11Proxy.csproj", "{BADD9BAD-D88E-49AB-8CC5-634F8413F965}"
EndProject
Project("{9A19103F-16F7-4668-BE54-9A1E7A4F7556}") = "DP14Command", "DP14Command\DP14Command.csproj", "{6B01548B-F161-494D-B599-8BDE05F15C7B}"
EndProject
Project("{9A19103F-16F7-4668-BE54-9A1E7A4F7556}") = "DP16Mediator", "DP16Mediator\DP16Mediator.csproj", "{43EC52ED-0C03-4C29-878D-A17E0A028251}"
EndProject
Project("{9A19103F-16F7-4668-BE54-9A1E7A4F7556}") = "DP17Iterator", "DP17Iterator\DP17Iterator.csproj", "{BA41014E-64BC-403A-81B8-6E878009B8DD}"
EndProject
Project("{FAE04EC0-301F-11D3-BF4B-00C04F79EFBC}") = "DP19Observer", "DP19Observer\DP19Observer.csproj", "{94EF3512-F8D1-4F53-9514-6FE6D0181E8C}"
EndProject
Project("{FAE04EC0-301F-11D3-BF4B-00C04F79EFBC}") = "DP20Memento", "DP20Memento\DP20Memento.csproj", "{4B139468-316F-4B1A-A6C8-4E9C95383717}"
EndProject
Project("{FAE04EC0-301F-11D3-BF4B-00C04F79EFBC}") = "DP21State", "DP21State\DP21State.csproj", "{2C128E32-AD20-44E9-9B15-8F332B2EE273}"
EndProject
Project("{FAE04EC0-301F-11D3-BF4B-00C04F79EFBC}") = "DP22Strategy", "DP22Strategy\DP22Strategy.csproj", "{7EB18C5C-756D-4613-8E23-677BA66AA462}"
EndProject
Global
	GlobalSection(SolutionConfigurationPlatforms) = preSolution
		Debug|Any CPU = Debug|Any CPU
		Release|Any CPU = Release|Any CPU
	EndGlobalSection
	GlobalSection(ProjectConfigurationPlatforms) = postSolution
		{7D9EA191-FE49-4D30-8F36-A92B612C53A7}.Debug|Any CPU.ActiveCfg = Debug|Any CPU
		{7D9EA191-FE49-4D30-8F36-A92B612C53A7}.Debug|Any CPU.Build.0 = Debug|Any CPU
		{7D9EA191-FE49-4D30-8F36-A92B612C53A7}.Release|Any CPU.ActiveCfg = Release|Any CPU
		{7D9EA191-FE49-4D30-8F36-A92B612C53A7}.Release|Any CPU.Build.0 = Release|Any CPU
		{137E84CA-02A5-4AE8-84B2-C04236E61F38}.Debug|Any CPU.ActiveCfg = Debug|Any CPU
		{137E84CA-02A5-4AE8-84B2-C04236E61F38}.Debug|Any CPU.Build.0 = Debug|Any CPU
		{137E84CA-02A5-4AE8-84B2-C04236E61F38}.Release|Any CPU.ActiveCfg = Release|Any CPU
		{137E84CA-02A5-4AE8-84B2-C04236E61F38}.Release|Any CPU.Build.0 = Release|Any CPU
		{DBF60CAD-57DB-4045-A586-CC1182E652FB}.Debug|Any CPU.ActiveCfg = Debug|Any CPU
		{DBF60CAD-57DB-4045-A586-CC1182E652FB}.Debug|Any CPU.Build.0 = Debug|Any CPU
		{DBF60CAD-57DB-4045-A586-CC1182E652FB}.Release|Any CPU.ActiveCfg = Release|Any CPU
		{DBF60CAD-57DB-4045-A586-CC1182E652FB}.Release|Any CPU.Build.0 = Release|Any CPU
		{04D1DE75-4708-4004-A2FB-D4F3B7A40E4C}.Debug|Any CPU.ActiveCfg = Debug|Any CPU
		{04D1DE75-4708-4004-A2FB-D4F3B7A40E4C}.Debug|Any CPU.Build.0 = Debug|Any CPU
		{04D1DE75-4708-4004-A2FB-D4F3B7A40E4C}.Release|Any CPU.ActiveCfg = Release|Any CPU
		{04D1DE75-4708-4004-A2FB-D4F3B7A40E4C}.Release|Any CPU.Build.0 = Release|Any CPU
		{F1571C6E-9D79-428D-97B6-5F096FFFD463}.Debug|Any CPU.ActiveCfg = Debug|Any CPU
		{F1571C6E-9D79-428D-97B6-5F096FFFD463}.Debug|Any CPU.Build.0 = Debug|Any CPU
		{F1571C6E-9D79-428D-97B6-5F096FFFD463}.Release|Any CPU.ActiveCfg = Release|Any CPU
		{F1571C6E-9D79-428D-97B6-5F096FFFD463}.Release|Any CPU.Build.0 = Release|Any CPU
		{CB966D5F-2EC0-4A34-A3CF-6B863F403592}.Debug|Any CPU.ActiveCfg = Debug|Any CPU
		{CB966D5F-2EC0-4A34-A3CF-6B863F403592}.Debug|Any CPU.Build.0 = Debug|Any CPU
		{CB966D5F-2EC0-4A34-A3CF-6B863F403592}.Release|Any CPU.ActiveCfg = Release|Any CPU
		{CB966D5F-2EC0-4A34-A3CF-6B863F403592}.Release|Any CPU.Build.0 = Release|Any CPU
		{5F0F4E90-843E-4DB7-9C34-9CA58FCCE047}.Debug|Any CPU.ActiveCfg = Debug|Any CPU
		{5F0F4E90-843E-4DB7-9C34-9CA58FCCE047}.Debug|Any CPU.Build.0 = Debug|Any CPU
		{5F0F4E90-843E-4DB7-9C34-9CA58FCCE047}.Release|Any CPU.ActiveCfg = Release|Any CPU
		{5F0F4E90-843E-4DB7-9C34-9CA58FCCE047}.Release|Any CPU.Build.0 = Release|Any CPU
		{FA0C726E-B80A-46EF-89D7-53DF8EE579E4}.Debug|Any CPU.ActiveCfg = Debug|Any CPU
		{FA0C726E-B80A-46EF-89D7-53DF8EE579E4}.Debug|Any CPU.Build.0 = Debug|Any CPU
		{FA0C726E-B80A-46EF-89D7-53DF8EE579E4}.Release|Any CPU.ActiveCfg = Release|Any CPU
		{FA0C726E-B80A-46EF-89D7-53DF8EE579E4}.Release|Any CPU.Build.0 = Release|Any CPU
		{4A6DE2D9-2273-4919-AB57-7AD32DC58AEC}.Debug|Any CPU.ActiveCfg = Debug|Any CPU
		{4A6DE2D9-2273-4919-AB57-7AD32DC58AEC}.Debug|Any CPU.Build.0 = Debug|Any CPU
		{4A6DE2D9-2273-4919-AB57-7AD32DC58AEC}.Release|Any CPU.ActiveCfg = Release|Any CPU
		{4A6DE2D9-2273-4919-AB57-7AD32DC58AEC}.Release|Any CPU.Build.0 = Release|Any CPU
		{BADD9BAD-D88E-49AB-8CC5-634F8413F965}.Debug|Any CPU.ActiveCfg = Debug|Any CPU
		{BADD9BAD-D88E-49AB-8CC5-634F8413F965}.Debug|Any CPU.Build.0 = Debug|Any CPU
		{BADD9BAD-D88E-49AB-8CC5-634F8413F965}.Release|Any CPU.ActiveCfg = Release|Any CPU
		{BADD9BAD-D88E-49AB-8CC5-634F8413F965}.Release|Any CPU.Build.0 = Release|Any CPU
		{6B01548B-F161-494D-B599-8BDE05F15C7B}.Debug|Any CPU.ActiveCfg = Debug|Any CPU
		{6B01548B-F161-494D-B599-8BDE05F15C7B}.Debug|Any CPU.Build.0 = Debug|Any CPU
		{6B01548B-F161-494D-B599-8BDE05F15C7B}.Release|Any CPU.ActiveCfg = Release|Any CPU
		{6B01548B-F161-494D-B599-8BDE05F15C7B}.Release|Any CPU.Build.0 = Release|Any CPU
		{43EC52ED-0C03-4C29-878D-A17E0A028251}.Debug|Any CPU.ActiveCfg = Debug|Any CPU
		{43EC52ED-0C03-4C29-878D-A17E0A028251}.Debug|Any CPU.Build.0 = Debug|Any CPU
		{43EC52ED-0C03-4C29-878D-A17E0A028251}.Release|Any CPU.ActiveCfg = Release|Any CPU
		{43EC52ED-0C03-4C29-878D-A17E0A028251}.Release|Any CPU.Build.0 = Release|Any CPU
		{BA41014E-64BC-403A-81B8-6E878009B8DD}.Debug|Any CPU.ActiveCfg = Debug|Any CPU
		{BA41014E-64BC-403A-81B8-6E878009B8DD}.Debug|Any CPU.Build.0 = Debug|Any CPU
		{BA41014E-64BC-403A-81B8-6E878009B8DD}.Release|Any CPU.ActiveCfg = Release|Any CPU
		{BA41014E-64BC-403A-81B8-6E878009B8DD}.Release|Any CPU.Build.0 = Release|Any CPU
		{94EF3512-F8D1-4F53-9514-6FE6D0181E8C}.Debug|Any CPU.ActiveCfg = Debug|Any CPU
		{94EF3512-F8D1-4F53-9514-6FE6D0181E8C}.Debug|Any CPU.Build.0 = Debug|Any CPU
		{94EF3512-F8D1-4F53-9514-6FE6D0181E8C}.Release|Any CPU.ActiveCfg = Release|Any CPU
		{94EF3512-F8D1-4F53-9514-6FE6D0181E8C}.Release|Any CPU.Build.0 = Release|Any CPU
		{4B139468-316F-4B1A-A6C8-4E9C95383717}.Debug|Any CPU.ActiveCfg = Debug|Any CPU
		{4B139468-316F-4B1A-A6C8-4E9C95383717}.Debug|Any CPU.Build.0 = Debug|Any CPU
		{4B139468-316F-4B1A-A6C8-4E9C95383717}.Release|Any CPU.ActiveCfg = Release|Any CPU
		{4B139468-316F-4B1A-A6C8-4E9C95383717}.Release|Any CPU.Build.0 = Release|Any CPU
		{2C128E32-AD20-44E9-9B15-8F332B2EE273}.Debug|Any CPU.ActiveCfg = Debug|Any CPU
		{2C128E32-AD20-44E9-9B15-8F332B2EE273}.Debug|Any CPU.Build.0 = Debug|Any CPU
		{2C128E32-AD20-44E9-9B15-8F332B2EE273}.Release|Any CPU.ActiveCfg = Release|Any CPU
		{2C128E32-AD20-44E9-9B15-8F332B2EE273}.Release|Any CPU.Build.0 = Release|Any CPU
		{7EB18C5C-756D-4613-8E23-677BA66AA462}.Debug|Any CPU.ActiveCfg = Debug|Any CPU
		{7EB18C5C-756D-4613-8E23-677BA66AA462}.Debug|Any CPU.Build.0 = Debug|Any CPU
		{7EB18C5C-756D-4613-8E23-677BA66AA462}.Release|Any CPU.ActiveCfg = Release|Any CPU
		{7EB18C5C-756D-4613-8E23-677BA66AA462}.Release|Any CPU.Build.0 = Release|Any CPU
	EndGlobalSection
	GlobalSection(SolutionProperties) = preSolution
		HideSolutionNode = FALSE
	EndGlobalSection
	GlobalSection(NestedProjects) = preSolution
		{7D9EA191-FE49-4D30-8F36-A92B612C53A7} = {D57EFCCF-EB0B-4760-9C1A-B187D5452696}
		{137E84CA-02A5-4AE8-84B2-C04236E61F38} = {F4143FA1-A205-4B17-BF83-92B87184D8DD}
		{DBF60CAD-57DB-4045-A586-CC1182E652FB} = {D57EFCCF-EB0B-4760-9C1A-B187D5452696}
		{04D1DE75-4708-4004-A2FB-D4F3B7A40E4C} = {D57EFCCF-EB0B-4760-9C1A-B187D5452696}
		{F1571C6E-9D79-428D-97B6-5F096FFFD463} = {D57EFCCF-EB0B-4760-9C1A-B187D5452696}
		{CB966D5F-2EC0-4A34-A3CF-6B863F403592} = {D57EFCCF-EB0B-4760-9C1A-B187D5452696}
		{5F0F4E90-843E-4DB7-9C34-9CA58FCCE047} = {D57EFCCF-EB0B-4760-9C1A-B187D5452696}
		{FA0C726E-B80A-46EF-89D7-53DF8EE579E4} = {D57EFCCF-EB0B-4760-9C1A-B187D5452696}
		{4A6DE2D9-2273-4919-AB57-7AD32DC58AEC} = {D57EFCCF-EB0B-4760-9C1A-B187D5452696}
		{BADD9BAD-D88E-49AB-8CC5-634F8413F965} = {D57EFCCF-EB0B-4760-9C1A-B187D5452696}
		{6B01548B-F161-494D-B599-8BDE05F15C7B} = {D57EFCCF-EB0B-4760-9C1A-B187D5452696}
		{43EC52ED-0C03-4C29-878D-A17E0A028251} = {D57EFCCF-EB0B-4760-9C1A-B187D5452696}
		{BA41014E-64BC-403A-81B8-6E878009B8DD} = {D57EFCCF-EB0B-4760-9C1A-B187D5452696}
		{94EF3512-F8D1-4F53-9514-6FE6D0181E8C} = {D57EFCCF-EB0B-4760-9C1A-B187D5452696}
		{4B139468-316F-4B1A-A6C8-4E9C95383717} = {D57EFCCF-EB0B-4760-9C1A-B187D5452696}
		{2C128E32-AD20-44E9-9B15-8F332B2EE273} = {D57EFCCF-EB0B-4760-9C1A-B187D5452696}
		{7EB18C5C-756D-4613-8E23-677BA66AA462} = {D57EFCCF-EB0B-4760-9C1A-B187D5452696}
	EndGlobalSection
	GlobalSection(ExtensibilityGlobals) = postSolution
		SolutionGuid = {E81CF9D5-7E25-4969-B971-4ABAC7E6E45E}
	EndGlobalSection
EndGlobal
